
Microsoft Visual Studio Solution File, Format Version 12.00
# Visual Studio Version 16
VisualStudioVersion = 16.0.31729.503
MinimumVisualStudioVersion = 10.0.40219.1
Project("{FAE04EC0-301F-11D3-BF4B-00C04F79EFBC}") = "KluSozluk", "KluSozluk\KluSozluk.csproj", "{D4407E08-359D-44B7-B5EE-C91671C50DF9}"
EndProject
Project("{FAE04EC0-301F-11D3-BF4B-00C04F79EFBC}") = "EntityLayer", "EntityLayer1\EntityLayer.csproj", "{6C197556-29E6-4F7A-87D5-43D24B8B3500}"
EndProject
Project("{FAE04EC0-301F-11D3-BF4B-00C04F79EFBC}") = "DataAccessLayer", "DataAccessLayer\DataAccessLayer.csproj", "{B3517B55-892B-4585-96F5-C5B27236A9D8}"
EndProject
Project("{FAE04EC0-301F-11D3-BF4B-00C04F79EFBC}") = "BusinessLayer", "BusinessLayer\BusinessLayer.csproj", "{9DAD2443-0113-41C6-A0EC-04A0150AA2C0}"
EndProject
Global
	GlobalSection(SolutionConfigurationPlatforms) = preSolution
		Debug|Any CPU = Debug|Any CPU
		Release|Any CPU = Release|Any CPU
	EndGlobalSection
	GlobalSection(ProjectConfigurationPlatforms) = postSolution
		{D4407E08-359D-44B7-B5EE-C91671C50DF9}.Debug|Any CPU.ActiveCfg = Debug|Any CPU
		{D4407E08-359D-44B7-B5EE-C91671C50DF9}.Debug|Any CPU.Build.0 = Debug|Any CPU
		{D4407E08-359D-44B7-B5EE-C91671C50DF9}.Release|Any CPU.ActiveCfg = Release|Any CPU
		{D4407E08-359D-44B7-B5EE-C91671C50DF9}.Release|Any CPU.Build.0 = Release|Any CPU
		{6C197556-29E6-4F7A-87D5-43D24B8B3500}.Debug|Any CPU.ActiveCfg = Debug|Any CPU
		{6C197556-29E6-4F7A-87D5-43D24B8B3500}.Debug|Any CPU.Build.0 = Debug|Any CPU
		{6C197556-29E6-4F7A-87D5-43D24B8B3500}.Release|Any CPU.ActiveCfg = Release|Any CPU
		{6C197556-29E6-4F7A-87D5-43D24B8B3500}.Release|Any CPU.Build.0 = Release|Any CPU
		{B3517B55-892B-4585-96F5-C5B27236A9D8}.Debug|Any CPU.ActiveCfg = Debug|Any CPU
		{B3517B55-892B-4585-96F5-C5B27236A9D8}.Debug|Any CPU.Build.0 = Debug|Any CPU
		{B3517B55-892B-4585-96F5-C5B27236A9D8}.Release|Any CPU.ActiveCfg = Release|Any CPU
		{B3517B55-892B-4585-96F5-C5B27236A9D8}.Release|Any CPU.Build.0 = Release|Any CPU
		{9DAD2443-0113-41C6-A0EC-04A0150AA2C0}.Debug|Any CPU.ActiveCfg = Debug|Any CPU
		{9DAD2443-0113-41C6-A0EC-04A0150AA2C0}.Debug|Any CPU.Build.0 = Debug|Any CPU
		{9DAD2443-0113-41C6-A0EC-04A0150AA2C0}.Release|Any CPU.ActiveCfg = Release|Any CPU
		{9DAD2443-0113-41C6-A0EC-04A0150AA2C0}.Release|Any CPU.Build.0 = Release|Any CPU
	EndGlobalSection
	GlobalSection(SolutionProperties) = preSolution
		HideSolutionNode = FALSE
	EndGlobalSection
	GlobalSection(ExtensibilityGlobals) = postSolution
		SolutionGuid = {5A44004A-EDE8-4422-917A-59EA5017DC73}
	EndGlobalSection
EndGlobal
